{
  "version": 4,
  "terraform_version": "1.8.3",
  "serial": 549,
  "lineage": "d81102ef-f136-bbcc-b372-970be917bb4b",
  "outputs": {
    "ecr": {
      "value": "868171460502.dkr.ecr.eu-west-2.amazonaws.com/steve-wordpress-repo",
      "type": "string"
    },
    "subnets": {
      "value": {
        "filter": [
          {
            "name": "vpc-id",
            "values": [
              "vpc-0ab6d8cf38c5553d0"
            ]
          }
        ],
        "id": "eu-west-2",
        "ids": [
          "subnet-09c4d67662a7f3241",
          "subnet-0a9b46125fa0036d5",
          "subnet-04752989671ddbad2",
          "subnet-07d949a251d5873f3"
        ],
        "tags": null,
        "timeouts": null
      },
      "type": [
        "object",
        {
          "filter": [
            "set",
            [
              "object",
              {
                "name": "string",
                "values": [
                  "set",
                  "string"
                ]
              }
            ]
          ],
          "id": "string",
          "ids": [
            "list",
            "string"
          ],
          "tags": [
            "map",
            "string"
          ],
          "timeouts": [
            "object",
            {
              "read": "string"
            }
          ]
        }
      ]
    }
  },
  "resources": [
    {
      "mode": "data",
      "type": "aws_ami",
      "name": "amzn_linux_2",
      "provider": "provider[\"registry.terraform.io/hashicorp/aws\"]",
      "instances": [
        {
          "schema_version": 0,
          "attributes": {
            "architecture": "x86_64",
            "arn": "arn:aws:ec2:eu-west-2::image/ami-07325431fa2186a03",
            "block_device_mappings": [
              {
                "device_name": "/dev/xvda",
                "ebs": {
                  "delete_on_termination": "true",
                  "encrypted": "false",
                  "iops": "0",
                  "snapshot_id": "snap-0d5d804209f262961",
                  "throughput": "0",
                  "volume_size": "8",
                  "volume_type": "gp2"
                },
                "no_device": "",
                "virtual_name": ""
              }
            ],
            "boot_mode": "",
            "creation_date": "2024-07-20T03:58:39.000Z",
            "deprecation_time": "2025-07-01T00:00:00.000Z",
            "description": "Amazon Linux 2 AMI 2.0.20240719.0 x86_64 HVM gp2",
            "ena_support": true,
            "executable_users": null,
            "filter": [
              {
                "name": "name",
                "values": [
                  "amzn2-ami-hvm*"
                ]
              },
              {
                "name": "root-device-type",
                "values": [
                  "ebs"
                ]
              }
            ],
            "hypervisor": "xen",
            "id": "ami-07325431fa2186a03",
            "image_id": "ami-07325431fa2186a03",
            "image_location": "amazon/amzn2-ami-hvm-2.0.20240719.0-x86_64-gp2",
            "image_owner_alias": "amazon",
            "image_type": "machine",
            "imds_support": "",
            "include_deprecated": false,
            "kernel_id": "",
            "most_recent": true,
            "name": "amzn2-ami-hvm-2.0.20240719.0-x86_64-gp2",
            "name_regex": null,
            "owner_id": "137112412989",
            "owners": [
              "amazon"
            ],
            "platform": "",
            "platform_details": "Linux/UNIX",
            "product_codes": [],
            "public": true,
            "ramdisk_id": "",
            "root_device_name": "/dev/xvda",
            "root_device_type": "ebs",
            "root_snapshot_id": "snap-0d5d804209f262961",
            "sriov_net_support": "simple",
            "state": "available",
            "state_reason": {
              "code": "UNSET",
              "message": "UNSET"
            },
            "tags": {},
            "timeouts": null,
            "tpm_support": "",
            "usage_operation": "RunInstances",
            "virtualization_type": "hvm"
          },
          "sensitive_attributes": []
        }
      ]
    },
    {
      "mode": "data",
      "type": "aws_caller_identity",
      "name": "current",
      "provider": "provider[\"registry.terraform.io/hashicorp/aws\"]",
      "instances": [
        {
          "schema_version": 0,
          "attributes": {
            "account_id": "868171460502",
            "arn": "arn:aws:iam::868171460502:user/steve",
            "id": "868171460502",
            "user_id": "AIDA4UIYNF6LE4TE7RDHW"
          },
          "sensitive_attributes": []
        }
      ]
    },
    {
      "mode": "data",
      "type": "aws_region",
      "name": "current",
      "provider": "provider[\"registry.terraform.io/hashicorp/aws\"]",
      "instances": [
        {
          "schema_version": 0,
          "attributes": {
            "description": "Europe (London)",
            "endpoint": "ec2.eu-west-2.amazonaws.com",
            "id": "eu-west-2",
            "name": "eu-west-2"
          },
          "sensitive_attributes": []
        }
      ]
    },
    {
      "mode": "data",
      "type": "aws_subnets",
      "name": "subnets",
      "provider": "provider[\"registry.terraform.io/hashicorp/aws\"]",
      "instances": [
        {
          "schema_version": 0,
          "attributes": {
            "filter": [
              {
                "name": "vpc-id",
                "values": [
                  "vpc-0ab6d8cf38c5553d0"
                ]
              }
            ],
            "id": "eu-west-2",
            "ids": [
              "subnet-09c4d67662a7f3241",
              "subnet-0a9b46125fa0036d5",
              "subnet-04752989671ddbad2",
              "subnet-07d949a251d5873f3"
            ],
            "tags": null,
            "timeouts": null
          },
          "sensitive_attributes": []
        }
      ]
    },
    {
      "mode": "managed",
      "type": "aws_db_instance",
      "name": "rds_instance",
      "provider": "provider[\"registry.terraform.io/hashicorp/aws\"]",
      "instances": [
        {
          "schema_version": 2,
          "attributes": {
            "address": "steve-rds-instance.c10kuc2ymwcy.eu-west-2.rds.amazonaws.com",
            "allocated_storage": 20,
            "allow_major_version_upgrade": null,
            "apply_immediately": false,
            "arn": "arn:aws:rds:eu-west-2:868171460502:db:steve-rds-instance",
            "auto_minor_version_upgrade": true,
            "availability_zone": "eu-west-2b",
            "backup_retention_period": 0,
            "backup_target": "region",
            "backup_window": "03:01-03:31",
            "blue_green_update": [],
            "ca_cert_identifier": "rds-ca-rsa2048-g1",
            "character_set_name": "",
            "copy_tags_to_snapshot": false,
            "custom_iam_instance_profile": "",
            "customer_owned_ip_enabled": false,
            "db_name": "wordpress_db",
            "db_subnet_group_name": "steve-rds-subnet-group",
            "delete_automated_backups": true,
            "deletion_protection": false,
            "domain": "",
            "domain_auth_secret_arn": "",
            "domain_dns_ips": [],
            "domain_fqdn": "",
            "domain_iam_role_name": "",
            "domain_ou": "",
            "enabled_cloudwatch_logs_exports": [],
            "endpoint": "steve-rds-instance.c10kuc2ymwcy.eu-west-2.rds.amazonaws.com:3306",
            "engine": "mysql",
            "engine_version": "8.0.37",
            "engine_version_actual": "8.0.37",
            "final_snapshot_identifier": "steve-final-snapshot",
            "hosted_zone_id": "Z1TTGA775OQIYO",
            "iam_database_authentication_enabled": false,
            "id": "db-ZQ4DCDSQF7LLOY7CIIJPHRKERI",
            "identifier": "steve-rds-instance",
            "identifier_prefix": "",
            "instance_class": "db.t3.micro",
            "iops": 0,
            "kms_key_id": "",
            "latest_restorable_time": "",
            "license_model": "general-public-license",
            "listener_endpoint": [],
            "maintenance_window": "thu:23:31-fri:00:01",
            "manage_master_user_password": null,
            "master_user_secret": [],
            "master_user_secret_kms_key_id": null,
            "max_allocated_storage": 0,
            "monitoring_interval": 0,
            "monitoring_role_arn": "",
            "multi_az": false,
            "nchar_character_set_name": "",
            "network_type": "IPV4",
            "option_group_name": "default:mysql-8-0",
            "parameter_group_name": "default.mysql8.0",
            "password": "steve12345",
            "performance_insights_enabled": false,
            "performance_insights_kms_key_id": "",
            "performance_insights_retention_period": 0,
            "port": 3306,
            "publicly_accessible": false,
            "replica_mode": "",
            "replicas": [],
            "replicate_source_db": "",
            "resource_id": "db-ZQ4DCDSQF7LLOY7CIIJPHRKERI",
            "restore_to_point_in_time": [],
            "s3_import": [],
            "skip_final_snapshot": true,
            "snapshot_identifier": null,
            "status": "available",
            "storage_encrypted": false,
            "storage_throughput": 0,
            "storage_type": "gp2",
            "tags": {
              "Name": "RDS Instance"
            },
            "tags_all": {
              "Name": "RDS Instance"
            },
            "timeouts": null,
            "timezone": "",
            "username": "steve",
            "vpc_security_group_ids": [
              "sg-0391ba715b4db2878"
            ]
          },
          "sensitive_attributes": [
            [
              {
                "type": "get_attr",
                "value": "password"
              }
            ]
          ],
          "private": "eyJlMmJmYjczMC1lY2FhLTExZTYtOGY4OC0zNDM2M2JjN2M0YzAiOnsiY3JlYXRlIjoyNDAwMDAwMDAwMDAwLCJkZWxldGUiOjM2MDAwMDAwMDAwMDAsInVwZGF0ZSI6NDgwMDAwMDAwMDAwMH0sInNjaGVtYV92ZXJzaW9uIjoiMiJ9",
          "dependencies": [
            "aws_db_subnet_group.rds_subnet_group",
            "aws_security_group.rds_security_group",
            "aws_subnet.private1",
            "aws_subnet.private2",
            "aws_vpc.this"
          ]
        }
      ]
    },
    {
      "mode": "managed",
      "type": "aws_db_subnet_group",
      "name": "rds_subnet_group",
      "provider": "provider[\"registry.terraform.io/hashicorp/aws\"]",
      "instances": [
        {
          "schema_version": 0,
          "attributes": {
            "arn": "arn:aws:rds:eu-west-2:868171460502:subgrp:steve-rds-subnet-group",
            "description": "Managed by Terraform",
            "id": "steve-rds-subnet-group",
            "name": "steve-rds-subnet-group",
            "name_prefix": "",
            "subnet_ids": [
              "subnet-04752989671ddbad2",
              "subnet-0a9b46125fa0036d5"
            ],
            "supported_network_types": [
              "IPV4"
            ],
            "tags": {},
            "tags_all": {},
            "vpc_id": "vpc-0ab6d8cf38c5553d0"
          },
          "sensitive_attributes": [],
          "private": "bnVsbA==",
          "dependencies": [
            "aws_subnet.private1",
            "aws_subnet.private2",
            "aws_vpc.this"
          ]
        }
      ]
    },
    {
      "mode": "managed",
      "type": "aws_eip",
      "name": "eip",
      "provider": "provider[\"registry.terraform.io/hashicorp/aws\"]",
      "instances": [
        {
          "schema_version": 0,
          "attributes": {
            "address": null,
            "allocation_id": "eipalloc-04ebe82ab2f139806",
            "associate_with_private_ip": null,
            "association_id": "eipassoc-02c27f2a174f214c9",
            "carrier_ip": "",
            "customer_owned_ip": "",
            "customer_owned_ipv4_pool": "",
            "domain": "vpc",
            "id": "eipalloc-04ebe82ab2f139806",
            "instance": "",
            "network_border_group": "eu-west-2",
            "network_interface": "eni-03f34ef103d1a2e77",
            "private_dns": "ip-10-100-1-6.eu-west-2.compute.internal",
            "private_ip": "10.100.1.6",
            "public_dns": "ec2-13-43-1-209.eu-west-2.compute.amazonaws.com",
            "public_ip": "13.43.1.209",
            "public_ipv4_pool": "amazon",
            "tags": {},
            "tags_all": {},
            "timeouts": null,
            "vpc": true
          },
          "sensitive_attributes": [],
          "private": "eyJlMmJmYjczMC1lY2FhLTExZTYtOGY4OC0zNDM2M2JjN2M0YzAiOnsiZGVsZXRlIjoxODAwMDAwMDAwMDAsInJlYWQiOjkwMDAwMDAwMDAwMCwidXBkYXRlIjozMDAwMDAwMDAwMDB9fQ=="
        }
      ]
    },
    {
      "mode": "managed",
      "type": "aws_iam_instance_profile",
      "name": "ec2_instance_profile",
      "provider": "provider[\"registry.terraform.io/hashicorp/aws\"]",
      "instances": [
        {
          "schema_version": 0,
          "attributes": {
            "arn": "arn:aws:iam::868171460502:instance-profile/ec2-instance-profile",
            "create_date": "2024-07-29T10:37:06Z",
            "id": "ec2-instance-profile",
            "name": "ec2-instance-profile",
            "name_prefix": "",
            "path": "/",
            "role": "ec2-role",
            "tags": {},
            "tags_all": {},
            "unique_id": "AIPA4UIYNF6LMQSWEAVJJ"
          },
          "sensitive_attributes": [],
          "private": "bnVsbA==",
          "dependencies": [
            "aws_iam_role.ec2_role"
          ]
        }
      ]
    },
    {
      "mode": "managed",
      "type": "aws_iam_policy",
      "name": "ecr_pull_policy",
      "provider": "provider[\"registry.terraform.io/hashicorp/aws\"]",
      "instances": [
        {
          "schema_version": 0,
          "attributes": {
            "arn": "arn:aws:iam::868171460502:policy/ecr-pull-policy",
            "description": "Policy to allow pulling images from ECR",
            "id": "arn:aws:iam::868171460502:policy/ecr-pull-policy",
            "name": "ecr-pull-policy",
            "name_prefix": "",
            "path": "/",
            "policy": "{\"Statement\":[{\"Action\":[\"ecr:GetDownloadUrlForLayer\",\"ecr:BatchGetImage\",\"ecr:BatchCheckLayerAvailability\"],\"Effect\":\"Allow\",\"Resource\":\"*\"},{\"Action\":[\"ecr:GetAuthorizationToken\"],\"Effect\":\"Allow\",\"Resource\":\"*\"}],\"Version\":\"2012-10-17\"}",
            "policy_id": "ANPA4UIYNF6LM6XXHOTZW",
            "tags": {},
            "tags_all": {}
          },
          "sensitive_attributes": [],
          "private": "bnVsbA=="
        }
      ]
    },
    {
      "mode": "managed",
      "type": "aws_iam_role",
      "name": "ec2_role",
      "provider": "provider[\"registry.terraform.io/hashicorp/aws\"]",
      "instances": [
        {
          "schema_version": 0,
          "attributes": {
            "arn": "arn:aws:iam::868171460502:role/ec2-role",
            "assume_role_policy": "{\"Statement\":[{\"Action\":\"sts:AssumeRole\",\"Effect\":\"Allow\",\"Principal\":{\"Service\":\"ec2.amazonaws.com\"}}],\"Version\":\"2012-10-17\"}",
            "create_date": "2024-07-29T10:37:06Z",
            "description": "",
            "force_detach_policies": false,
            "id": "ec2-role",
            "inline_policy": [],
            "managed_policy_arns": [
              "arn:aws:iam::868171460502:policy/ecr-pull-policy"
            ],
            "max_session_duration": 3600,
            "name": "ec2-role",
            "name_prefix": "",
            "path": "/",
            "permissions_boundary": "",
            "tags": {},
            "tags_all": {},
            "unique_id": "AROA4UIYNF6LHTHGYWPYU"
          },
          "sensitive_attributes": [],
          "private": "bnVsbA=="
        }
      ]
    },
    {
      "mode": "managed",
      "type": "aws_iam_role_policy_attachment",
      "name": "attach_ecr_pull_policy",
      "provider": "provider[\"registry.terraform.io/hashicorp/aws\"]",
      "instances": [
        {
          "schema_version": 0,
          "attributes": {
            "id": "ec2-role-20240729103706730900000001",
            "policy_arn": "arn:aws:iam::868171460502:policy/ecr-pull-policy",
            "role": "ec2-role"
          },
          "sensitive_attributes": [],
          "private": "bnVsbA==",
          "dependencies": [
            "aws_iam_policy.ecr_pull_policy",
            "aws_iam_role.ec2_role"
          ]
        }
      ]
    },
    {
      "mode": "managed",
      "type": "aws_instance",
      "name": "wordpress",
      "provider": "provider[\"registry.terraform.io/hashicorp/aws\"]",
      "instances": [
        {
          "index_key": 0,
          "schema_version": 1,
          "attributes": {
            "ami": "ami-07325431fa2186a03",
            "arn": "arn:aws:ec2:eu-west-2:868171460502:instance/i-0e93d3d56a5fba700",
            "associate_public_ip_address": true,
            "availability_zone": "eu-west-2a",
            "capacity_reservation_specification": [
              {
                "capacity_reservation_preference": "open",
                "capacity_reservation_target": []
              }
            ],
            "cpu_core_count": 1,
            "cpu_options": [
              {
                "amd_sev_snp": "",
                "core_count": 1,
                "threads_per_core": 2
              }
            ],
            "cpu_threads_per_core": 2,
            "credit_specification": [
              {
                "cpu_credits": "unlimited"
              }
            ],
            "disable_api_stop": false,
            "disable_api_termination": false,
            "ebs_block_device": [],
            "ebs_optimized": false,
            "enclave_options": [
              {
                "enabled": false
              }
            ],
            "ephemeral_block_device": [],
            "get_password_data": false,
            "hibernation": false,
            "host_id": "",
            "host_resource_group_arn": null,
            "iam_instance_profile": "ec2-instance-profile",
            "id": "i-0e93d3d56a5fba700",
            "instance_initiated_shutdown_behavior": "stop",
            "instance_lifecycle": "",
            "instance_market_options": [],
            "instance_state": "running",
            "instance_type": "t3.micro",
            "ipv6_address_count": 0,
            "ipv6_addresses": [],
            "key_name": "steve-key",
            "launch_template": [],
            "maintenance_options": [
              {
                "auto_recovery": "default"
              }
            ],
            "metadata_options": [
              {
                "http_endpoint": "enabled",
                "http_protocol_ipv6": "disabled",
                "http_put_response_hop_limit": 1,
                "http_tokens": "optional",
                "instance_metadata_tags": "disabled"
              }
            ],
            "monitoring": false,
            "network_interface": [],
            "outpost_arn": "",
            "password_data": "",
            "placement_group": "",
            "placement_partition_number": 0,
            "primary_network_interface_id": "eni-0f571c6aa4cc29424",
            "private_dns": "ip-10-100-1-45.eu-west-2.compute.internal",
            "private_dns_name_options": [
              {
                "enable_resource_name_dns_a_record": false,
                "enable_resource_name_dns_aaaa_record": false,
                "hostname_type": "ip-name"
              }
            ],
            "private_ip": "10.100.1.45",
            "public_dns": "",
            "public_ip": "13.40.173.79",
            "root_block_device": [
              {
                "delete_on_termination": true,
                "device_name": "/dev/xvda",
                "encrypted": false,
                "iops": 100,
                "kms_key_id": "",
                "tags": {},
                "throughput": 0,
                "volume_id": "vol-02331a6e6c89b56ab",
                "volume_size": 8,
                "volume_type": "gp2"
              }
            ],
            "secondary_private_ips": [],
            "security_groups": [
              "sg-00cae4032824b2e24"
            ],
            "source_dest_check": true,
            "spot_instance_request_id": "",
            "subnet_id": "subnet-09c4d67662a7f3241",
            "tags": null,
            "tags_all": {},
            "tenancy": "default",
            "timeouts": null,
            "user_data": "ab6ade7b2337a1d5c72f17094834cacd0d38dd85",
            "user_data_base64": null,
            "user_data_replace_on_change": false,
            "volume_tags": null,
            "vpc_security_group_ids": [
              "sg-00cae4032824b2e24"
            ]
          },
          "sensitive_attributes": [],
          "private": "eyJlMmJmYjczMC1lY2FhLTExZTYtOGY4OC0zNDM2M2JjN2M0YzAiOnsiY3JlYXRlIjo2MDAwMDAwMDAwMDAsImRlbGV0ZSI6MTIwMDAwMDAwMDAwMCwidXBkYXRlIjo2MDAwMDAwMDAwMDB9LCJzY2hlbWFfdmVyc2lvbiI6IjEifQ==",
          "dependencies": [
            "aws_db_instance.rds_instance",
            "aws_db_subnet_group.rds_subnet_group",
            "aws_iam_instance_profile.ec2_instance_profile",
            "aws_iam_role.ec2_role",
            "aws_security_group.LB-SG",
            "aws_security_group.allow_ssh",
            "aws_security_group.rds_security_group",
            "aws_subnet.private1",
            "aws_subnet.private2",
            "aws_vpc.this",
            "data.aws_ami.amzn_linux_2",
            "data.aws_caller_identity.current",
            "data.aws_region.current",
            "data.aws_subnets.subnets"
          ]
        },
        {
          "index_key": 1,
          "schema_version": 1,
          "attributes": {
            "ami": "ami-07325431fa2186a03",
            "arn": "arn:aws:ec2:eu-west-2:868171460502:instance/i-0d95b0aabcf6b3541",
            "associate_public_ip_address": true,
            "availability_zone": "eu-west-2a",
            "capacity_reservation_specification": [
              {
                "capacity_reservation_preference": "open",
                "capacity_reservation_target": []
              }
            ],
            "cpu_core_count": 1,
            "cpu_options": [
              {
                "amd_sev_snp": "",
                "core_count": 1,
                "threads_per_core": 2
              }
            ],
            "cpu_threads_per_core": 2,
            "credit_specification": [
              {
                "cpu_credits": "unlimited"
              }
            ],
            "disable_api_stop": false,
            "disable_api_termination": false,
            "ebs_block_device": [],
            "ebs_optimized": false,
            "enclave_options": [
              {
                "enabled": false
              }
            ],
            "ephemeral_block_device": [],
            "get_password_data": false,
            "hibernation": false,
            "host_id": "",
            "host_resource_group_arn": null,
            "iam_instance_profile": "ec2-instance-profile",
            "id": "i-0d95b0aabcf6b3541",
            "instance_initiated_shutdown_behavior": "stop",
            "instance_lifecycle": "",
            "instance_market_options": [],
            "instance_state": "running",
            "instance_type": "t3.micro",
            "ipv6_address_count": 0,
            "ipv6_addresses": [],
            "key_name": "steve-key",
            "launch_template": [],
            "maintenance_options": [
              {
                "auto_recovery": "default"
              }
            ],
            "metadata_options": [
              {
                "http_endpoint": "enabled",
                "http_protocol_ipv6": "disabled",
                "http_put_response_hop_limit": 1,
                "http_tokens": "optional",
                "instance_metadata_tags": "disabled"
              }
            ],
            "monitoring": false,
            "network_interface": [],
            "outpost_arn": "",
            "password_data": "",
            "placement_group": "",
            "placement_partition_number": 0,
            "primary_network_interface_id": "eni-0383f28888a599fbb",
            "private_dns": "ip-10-100-3-108.eu-west-2.compute.internal",
            "private_dns_name_options": [
              {
                "enable_resource_name_dns_a_record": false,
                "enable_resource_name_dns_aaaa_record": false,
                "hostname_type": "ip-name"
              }
            ],
            "private_ip": "10.100.3.108",
            "public_dns": "",
            "public_ip": "35.177.93.9",
            "root_block_device": [
              {
                "delete_on_termination": true,
                "device_name": "/dev/xvda",
                "encrypted": false,
                "iops": 100,
                "kms_key_id": "",
                "tags": {},
                "throughput": 0,
                "volume_id": "vol-0b588aed2c73ba362",
                "volume_size": 8,
                "volume_type": "gp2"
              }
            ],
            "secondary_private_ips": [],
            "security_groups": [
              "sg-00cae4032824b2e24"
            ],
            "source_dest_check": true,
            "spot_instance_request_id": "",
            "subnet_id": "subnet-0a9b46125fa0036d5",
            "tags": null,
            "tags_all": {},
            "tenancy": "default",
            "timeouts": null,
            "user_data": "ab6ade7b2337a1d5c72f17094834cacd0d38dd85",
            "user_data_base64": null,
            "user_data_replace_on_change": false,
            "volume_tags": null,
            "vpc_security_group_ids": [
              "sg-00cae4032824b2e24"
            ]
          },
          "sensitive_attributes": [],
          "private": "eyJlMmJmYjczMC1lY2FhLTExZTYtOGY4OC0zNDM2M2JjN2M0YzAiOnsiY3JlYXRlIjo2MDAwMDAwMDAwMDAsImRlbGV0ZSI6MTIwMDAwMDAwMDAwMCwidXBkYXRlIjo2MDAwMDAwMDAwMDB9LCJzY2hlbWFfdmVyc2lvbiI6IjEifQ==",
          "dependencies": [
            "aws_db_instance.rds_instance",
            "aws_db_subnet_group.rds_subnet_group",
            "aws_iam_instance_profile.ec2_instance_profile",
            "aws_iam_role.ec2_role",
            "aws_security_group.LB-SG",
            "aws_security_group.allow_ssh",
            "aws_security_group.rds_security_group",
            "aws_subnet.private1",
            "aws_subnet.private2",
            "aws_vpc.this",
            "data.aws_ami.amzn_linux_2",
            "data.aws_caller_identity.current",
            "data.aws_region.current",
            "data.aws_subnets.subnets"
          ]
        }
      ]
    },
    {
      "mode": "managed",
      "type": "aws_internet_gateway",
      "name": "igw",
      "provider": "provider[\"registry.terraform.io/hashicorp/aws\"]",
      "instances": [
        {
          "schema_version": 0,
          "attributes": {
            "arn": "arn:aws:ec2:eu-west-2:868171460502:internet-gateway/igw-08501d0d678201b73",
            "id": "igw-08501d0d678201b73",
            "owner_id": "868171460502",
            "tags": {
              "Name": "steve-igw"
            },
            "tags_all": {
              "Name": "steve-igw"
            },
            "timeouts": null,
            "vpc_id": "vpc-0ab6d8cf38c5553d0"
          },
          "sensitive_attributes": [],
          "private": "eyJlMmJmYjczMC1lY2FhLTExZTYtOGY4OC0zNDM2M2JjN2M0YzAiOnsiY3JlYXRlIjoxMjAwMDAwMDAwMDAwLCJkZWxldGUiOjEyMDAwMDAwMDAwMDAsInVwZGF0ZSI6MTIwMDAwMDAwMDAwMH19",
          "dependencies": [
            "aws_vpc.this"
          ]
        }
      ]
    },
    {
      "mode": "managed",
      "type": "aws_key_pair",
      "name": "kp",
      "provider": "provider[\"registry.terraform.io/hashicorp/aws\"]",
      "instances": [
        {
          "schema_version": 1,
          "attributes": {
            "arn": "arn:aws:ec2:eu-west-2:868171460502:key-pair/steve-key",
            "fingerprint": "2b:1a:22:a0:4a:05:f5:4a:36:34:d9:f5:c9:14:55:5a",
            "id": "steve-key",
            "key_name": "steve-key",
            "key_name_prefix": "",
            "key_pair_id": "key-0f91617c1a48df0e0",
            "key_type": "rsa",
            "public_key": "ssh-rsa AAAAB3NzaC1yc2EAAAADAQABAAACAQCrnheU42y7NZxc2pNO7VUyMOwtgJZO29fW/n4hWhN0vsLRYwPbnV85nIA3gH9JAYUG/4eNvAvZI1d7Uo6g/B9RZKr1aoUAOu9u5Ri5HFU/9WwBRRly7gEPj2Qx3/kAnm4WwqZlJmKhqMzRQogqMmq/gWHcJcDgm4OrNfpNJIj4J3lUbhUKv4ddqugmd/9Tj+dK2HEe7TMBE2XxwOS+g4tsNHzSsVuSGt57a615QifZ87Nk9gSRnxHxvajHiQDQ3pf/wYkMkbUEyaaMCUvDLD/doT63LvLwzmyOXZtNoRU0nG7aIgJ7Omo/HhvhxN8mVrviSChzQemuUeUZNzk93AtI/r1aT5xmWN5RZYeXegtKnfeM2gyA64rU4vSdemZnDAOA19rCfqSOf8aRrGl4fmeXa4DDoVcTeZ0TAfedgqcoW2uHXuITLLVodQvPR8HRPmCuRIwOhw4oqL6xjtbXXzDfdnJr5uKh+Vh56zNI5qzAmIISvUuqpHY9ep8bRgI4Jm7igTkQv/0ligvRnbSlCXkP56VOegWpZWPrm07ZYAZnIMfeEXDBxs2VX+e/ax7Usd/cQNUsq8XUaMqujmuNI692jD23FalRhJe2P1pvaHxeTZ0XAfhtyeBkzDnbPrUXAY+xT8nr1PaN1NEAgq5mHEEPDgcOAZUI5l3Gu5cS4k50jw==",
            "tags": {},
            "tags_all": {}
          },
          "sensitive_attributes": [],
          "private": "eyJzY2hlbWFfdmVyc2lvbiI6IjEifQ==",
          "dependencies": [
            "tls_private_key.pk"
          ]
        }
      ]
    },
    {
      "mode": "managed",
      "type": "aws_lb",
      "name": "app-LB",
      "provider": "provider[\"registry.terraform.io/hashicorp/aws\"]",
      "instances": [
        {
          "schema_version": 0,
          "attributes": {
            "access_logs": [
              {
                "bucket": "",
                "enabled": false,
                "prefix": ""
              }
            ],
            "arn": "arn:aws:elasticloadbalancing:eu-west-2:868171460502:loadbalancer/app/steve-LB/3102353fd2ee8899",
            "arn_suffix": "app/steve-LB/3102353fd2ee8899",
            "connection_logs": [
              {
                "bucket": "",
                "enabled": false,
                "prefix": ""
              }
            ],
            "customer_owned_ipv4_pool": "",
            "desync_mitigation_mode": "defensive",
            "dns_name": "steve-LB-331239689.eu-west-2.elb.amazonaws.com",
            "dns_record_client_routing_policy": null,
            "drop_invalid_header_fields": false,
            "enable_cross_zone_load_balancing": true,
            "enable_deletion_protection": false,
            "enable_http2": true,
            "enable_tls_version_and_cipher_suite_headers": false,
            "enable_waf_fail_open": false,
            "enable_xff_client_port": false,
            "enforce_security_group_inbound_rules_on_private_link_traffic": "",
            "id": "arn:aws:elasticloadbalancing:eu-west-2:868171460502:loadbalancer/app/steve-LB/3102353fd2ee8899",
            "idle_timeout": 60,
            "internal": false,
            "ip_address_type": "ipv4",
            "load_balancer_type": "application",
            "name": "steve-LB",
            "name_prefix": "",
            "preserve_host_header": false,
            "security_groups": [
              "sg-03ecb93326ca28999"
            ],
            "subnet_mapping": [
              {
                "allocation_id": "",
                "ipv6_address": "",
                "outpost_id": "",
                "private_ipv4_address": "",
                "subnet_id": "subnet-07d949a251d5873f3"
              },
              {
                "allocation_id": "",
                "ipv6_address": "",
                "outpost_id": "",
                "private_ipv4_address": "",
                "subnet_id": "subnet-09c4d67662a7f3241"
              }
            ],
            "subnets": [
              "subnet-07d949a251d5873f3",
              "subnet-09c4d67662a7f3241"
            ],
            "tags": {
              "Project": "steve"
            },
            "tags_all": {
              "Project": "steve"
            },
            "timeouts": null,
            "vpc_id": "vpc-0ab6d8cf38c5553d0",
            "xff_header_processing_mode": "append",
            "zone_id": "ZHURV8PSTC4K8"
          },
          "sensitive_attributes": [],
          "private": "eyJlMmJmYjczMC1lY2FhLTExZTYtOGY4OC0zNDM2M2JjN2M0YzAiOnsiY3JlYXRlIjo2MDAwMDAwMDAwMDAsImRlbGV0ZSI6NjAwMDAwMDAwMDAwLCJ1cGRhdGUiOjYwMDAwMDAwMDAwMH19",
          "dependencies": [
            "aws_security_group.LB-SG",
            "aws_subnet.public1",
            "aws_subnet.public2",
            "aws_vpc.this"
          ]
        }
      ]
    },
    {
      "mode": "managed",
      "type": "aws_lb_listener",
      "name": "LB-Listener",
      "provider": "provider[\"registry.terraform.io/hashicorp/aws\"]",
      "instances": [
        {
          "schema_version": 0,
          "attributes": {
            "alpn_policy": null,
            "arn": "arn:aws:elasticloadbalancing:eu-west-2:868171460502:listener/app/steve-LB/3102353fd2ee8899/ad9ebfc09de8aa13",
            "certificate_arn": null,
            "default_action": [
              {
                "authenticate_cognito": [],
                "authenticate_oidc": [],
                "fixed_response": [],
                "forward": [],
                "order": 1,
                "redirect": [],
                "target_group_arn": "arn:aws:elasticloadbalancing:eu-west-2:868171460502:targetgroup/steve-TG/8e925e6cda22fc9d",
                "type": "forward"
              }
            ],
            "id": "arn:aws:elasticloadbalancing:eu-west-2:868171460502:listener/app/steve-LB/3102353fd2ee8899/ad9ebfc09de8aa13",
            "load_balancer_arn": "arn:aws:elasticloadbalancing:eu-west-2:868171460502:loadbalancer/app/steve-LB/3102353fd2ee8899",
            "mutual_authentication": [],
            "port": 80,
            "protocol": "HTTP",
            "ssl_policy": "",
            "tags": {
              "Project": "steve"
            },
            "tags_all": {
              "Project": "steve"
            },
            "timeouts": null
          },
          "sensitive_attributes": [],
          "private": "eyJlMmJmYjczMC1lY2FhLTExZTYtOGY4OC0zNDM2M2JjN2M0YzAiOnsiY3JlYXRlIjozMDAwMDAwMDAwMDAsInVwZGF0ZSI6MzAwMDAwMDAwMDAwfX0=",
          "dependencies": [
            "aws_lb.app-LB",
            "aws_lb_target_group.lb-TG",
            "aws_security_group.LB-SG",
            "aws_subnet.public1",
            "aws_subnet.public2",
            "aws_vpc.this"
          ]
        }
      ]
    },
    {
      "mode": "managed",
      "type": "aws_lb_target_group",
      "name": "lb-TG",
      "provider": "provider[\"registry.terraform.io/hashicorp/aws\"]",
      "instances": [
        {
          "schema_version": 0,
          "attributes": {
            "arn": "arn:aws:elasticloadbalancing:eu-west-2:868171460502:targetgroup/steve-TG/8e925e6cda22fc9d",
            "arn_suffix": "targetgroup/steve-TG/8e925e6cda22fc9d",
            "connection_termination": null,
            "deregistration_delay": "300",
            "health_check": [
              {
                "enabled": true,
                "healthy_threshold": 5,
                "interval": 30,
                "matcher": "200",
                "path": "/",
                "port": "traffic-port",
                "protocol": "HTTP",
                "timeout": 5,
                "unhealthy_threshold": 2
              }
            ],
            "id": "arn:aws:elasticloadbalancing:eu-west-2:868171460502:targetgroup/steve-TG/8e925e6cda22fc9d",
            "ip_address_type": "ipv4",
            "lambda_multi_value_headers_enabled": false,
            "load_balancing_algorithm_type": "round_robin",
            "load_balancing_anomaly_mitigation": "off",
            "load_balancing_cross_zone_enabled": "use_load_balancer_configuration",
            "name": "steve-TG",
            "name_prefix": "",
            "port": 80,
            "preserve_client_ip": null,
            "protocol": "HTTP",
            "protocol_version": "HTTP1",
            "proxy_protocol_v2": false,
            "slow_start": 0,
            "stickiness": [
              {
                "cookie_duration": 86400,
                "cookie_name": "",
                "enabled": false,
                "type": "lb_cookie"
              }
            ],
            "tags": {},
            "tags_all": {},
            "target_failover": [
              {
                "on_deregistration": null,
                "on_unhealthy": null
              }
            ],
            "target_health_state": [
              {
                "enable_unhealthy_connection_termination": null
              }
            ],
            "target_type": "instance",
            "vpc_id": "vpc-0ab6d8cf38c5553d0"
          },
          "sensitive_attributes": [],
          "private": "bnVsbA==",
          "dependencies": [
            "aws_vpc.this"
          ]
        }
      ]
    },
    {
      "mode": "managed",
      "type": "aws_lb_target_group_attachment",
      "name": "wordpress-tg",
      "provider": "provider[\"registry.terraform.io/hashicorp/aws\"]",
      "instances": [
        {
          "index_key": "0",
          "schema_version": 0,
          "attributes": {
            "availability_zone": null,
            "id": "arn:aws:elasticloadbalancing:eu-west-2:868171460502:targetgroup/steve-TG/8e925e6cda22fc9d-20240729164306965200000004",
            "port": null,
            "target_group_arn": "arn:aws:elasticloadbalancing:eu-west-2:868171460502:targetgroup/steve-TG/8e925e6cda22fc9d",
            "target_id": "i-0e93d3d56a5fba700"
          },
          "sensitive_attributes": [],
          "private": "bnVsbA==",
          "dependencies": [
            "aws_db_instance.rds_instance",
            "aws_db_subnet_group.rds_subnet_group",
            "aws_iam_instance_profile.ec2_instance_profile",
            "aws_iam_role.ec2_role",
            "aws_instance.wordpress",
            "aws_lb_target_group.lb-TG",
            "aws_security_group.LB-SG",
            "aws_security_group.allow_ssh",
            "aws_security_group.rds_security_group",
            "aws_subnet.private1",
            "aws_subnet.private2",
            "aws_vpc.this",
            "data.aws_ami.amzn_linux_2",
            "data.aws_caller_identity.current",
            "data.aws_region.current",
            "data.aws_subnets.subnets"
          ]
        },
        {
          "index_key": "1",
          "schema_version": 0,
          "attributes": {
            "availability_zone": null,
            "id": "arn:aws:elasticloadbalancing:eu-west-2:868171460502:targetgroup/steve-TG/8e925e6cda22fc9d-20240729164306881500000003",
            "port": null,
            "target_group_arn": "arn:aws:elasticloadbalancing:eu-west-2:868171460502:targetgroup/steve-TG/8e925e6cda22fc9d",
            "target_id": "i-0d95b0aabcf6b3541"
          },
          "sensitive_attributes": [],
          "private": "bnVsbA==",
          "dependencies": [
            "aws_db_instance.rds_instance",
            "aws_db_subnet_group.rds_subnet_group",
            "aws_iam_instance_profile.ec2_instance_profile",
            "aws_iam_role.ec2_role",
            "aws_instance.wordpress",
            "aws_lb_target_group.lb-TG",
            "aws_security_group.LB-SG",
            "aws_security_group.allow_ssh",
            "aws_security_group.rds_security_group",
            "aws_subnet.private1",
            "aws_subnet.private2",
            "aws_vpc.this",
            "data.aws_ami.amzn_linux_2",
            "data.aws_caller_identity.current",
            "data.aws_region.current",
            "data.aws_subnets.subnets"
          ]
        }
      ]
    },
    {
      "mode": "managed",
      "type": "aws_nat_gateway",
      "name": "nat",
      "provider": "provider[\"registry.terraform.io/hashicorp/aws\"]",
      "instances": [
        {
          "schema_version": 0,
          "attributes": {
            "allocation_id": "eipalloc-04ebe82ab2f139806",
            "association_id": "eipassoc-02c27f2a174f214c9",
            "connectivity_type": "public",
            "id": "nat-0b69450dd3ace8c33",
            "network_interface_id": "eni-03f34ef103d1a2e77",
            "private_ip": "10.100.1.6",
            "public_ip": "13.43.1.209",
            "secondary_allocation_ids": [],
            "secondary_private_ip_address_count": 0,
            "secondary_private_ip_addresses": [],
            "subnet_id": "subnet-09c4d67662a7f3241",
            "tags": {
              "Name": "steve-nat"
            },
            "tags_all": {
              "Name": "steve-nat"
            },
            "timeouts": null
          },
          "sensitive_attributes": [],
          "private": "eyJlMmJmYjczMC1lY2FhLTExZTYtOGY4OC0zNDM2M2JjN2M0YzAiOnsiY3JlYXRlIjo2MDAwMDAwMDAwMDAsImRlbGV0ZSI6MTgwMDAwMDAwMDAwMCwidXBkYXRlIjo2MDAwMDAwMDAwMDB9fQ==",
          "dependencies": [
            "aws_eip.eip",
            "aws_subnet.public1",
            "aws_vpc.this"
          ]
        }
      ]
    },
    {
      "mode": "managed",
      "type": "aws_route_table",
      "name": "private",
      "provider": "provider[\"registry.terraform.io/hashicorp/aws\"]",
      "instances": [
        {
          "schema_version": 0,
          "attributes": {
            "arn": "arn:aws:ec2:eu-west-2:868171460502:route-table/rtb-041c25490941ca94c",
            "id": "rtb-041c25490941ca94c",
            "owner_id": "868171460502",
            "propagating_vgws": [],
            "route": [
              {
                "carrier_gateway_id": "",
                "cidr_block": "0.0.0.0/0",
                "core_network_arn": "",
                "destination_prefix_list_id": "",
                "egress_only_gateway_id": "",
                "gateway_id": "",
                "ipv6_cidr_block": "",
                "local_gateway_id": "",
                "nat_gateway_id": "nat-0b69450dd3ace8c33",
                "network_interface_id": "",
                "transit_gateway_id": "",
                "vpc_endpoint_id": "",
                "vpc_peering_connection_id": ""
              }
            ],
            "tags": {
              "Name": "steve-private-rt"
            },
            "tags_all": {
              "Name": "steve-private-rt"
            },
            "timeouts": null,
            "vpc_id": "vpc-0ab6d8cf38c5553d0"
          },
          "sensitive_attributes": [],
          "private": "eyJlMmJmYjczMC1lY2FhLTExZTYtOGY4OC0zNDM2M2JjN2M0YzAiOnsiY3JlYXRlIjozMDAwMDAwMDAwMDAsImRlbGV0ZSI6MzAwMDAwMDAwMDAwLCJ1cGRhdGUiOjEyMDAwMDAwMDAwMH19",
          "dependencies": [
            "aws_eip.eip",
            "aws_nat_gateway.nat",
            "aws_subnet.public1",
            "aws_vpc.this"
          ]
        }
      ]
    },
    {
      "mode": "managed",
      "type": "aws_route_table",
      "name": "public",
      "provider": "provider[\"registry.terraform.io/hashicorp/aws\"]",
      "instances": [
        {
          "schema_version": 0,
          "attributes": {
            "arn": "arn:aws:ec2:eu-west-2:868171460502:route-table/rtb-0decad86cbcba28e7",
            "id": "rtb-0decad86cbcba28e7",
            "owner_id": "868171460502",
            "propagating_vgws": [],
            "route": [
              {
                "carrier_gateway_id": "",
                "cidr_block": "0.0.0.0/0",
                "core_network_arn": "",
                "destination_prefix_list_id": "",
                "egress_only_gateway_id": "",
                "gateway_id": "igw-08501d0d678201b73",
                "ipv6_cidr_block": "",
                "local_gateway_id": "",
                "nat_gateway_id": "",
                "network_interface_id": "",
                "transit_gateway_id": "",
                "vpc_endpoint_id": "",
                "vpc_peering_connection_id": ""
              }
            ],
            "tags": {
              "Name": "steve-public-rt"
            },
            "tags_all": {
              "Name": "steve-public-rt"
            },
            "timeouts": null,
            "vpc_id": "vpc-0ab6d8cf38c5553d0"
          },
          "sensitive_attributes": [],
          "private": "eyJlMmJmYjczMC1lY2FhLTExZTYtOGY4OC0zNDM2M2JjN2M0YzAiOnsiY3JlYXRlIjozMDAwMDAwMDAwMDAsImRlbGV0ZSI6MzAwMDAwMDAwMDAwLCJ1cGRhdGUiOjEyMDAwMDAwMDAwMH19",
          "dependencies": [
            "aws_internet_gateway.igw",
            "aws_vpc.this"
          ]
        }
      ]
    },
    {
      "mode": "managed",
      "type": "aws_route_table_association",
      "name": "private1",
      "provider": "provider[\"registry.terraform.io/hashicorp/aws\"]",
      "instances": [
        {
          "schema_version": 0,
          "attributes": {
            "gateway_id": "",
            "id": "rtbassoc-0178f6a259b37646c",
            "route_table_id": "rtb-041c25490941ca94c",
            "subnet_id": "subnet-0a9b46125fa0036d5",
            "timeouts": null
          },
          "sensitive_attributes": [],
          "private": "eyJlMmJmYjczMC1lY2FhLTExZTYtOGY4OC0zNDM2M2JjN2M0YzAiOnsiY3JlYXRlIjozMDAwMDAwMDAwMDAsImRlbGV0ZSI6MzAwMDAwMDAwMDAwLCJ1cGRhdGUiOjEyMDAwMDAwMDAwMH19",
          "dependencies": [
            "aws_eip.eip",
            "aws_nat_gateway.nat",
            "aws_route_table.private",
            "aws_subnet.private1",
            "aws_subnet.public1",
            "aws_vpc.this"
          ]
        }
      ]
    },
    {
      "mode": "managed",
      "type": "aws_route_table_association",
      "name": "private2",
      "provider": "provider[\"registry.terraform.io/hashicorp/aws\"]",
      "instances": [
        {
          "schema_version": 0,
          "attributes": {
            "gateway_id": "",
            "id": "rtbassoc-0b7a5416d92d40900",
            "route_table_id": "rtb-041c25490941ca94c",
            "subnet_id": "subnet-04752989671ddbad2",
            "timeouts": null
          },
          "sensitive_attributes": [],
          "private": "eyJlMmJmYjczMC1lY2FhLTExZTYtOGY4OC0zNDM2M2JjN2M0YzAiOnsiY3JlYXRlIjozMDAwMDAwMDAwMDAsImRlbGV0ZSI6MzAwMDAwMDAwMDAwLCJ1cGRhdGUiOjEyMDAwMDAwMDAwMH19",
          "dependencies": [
            "aws_eip.eip",
            "aws_nat_gateway.nat",
            "aws_route_table.private",
            "aws_subnet.private2",
            "aws_subnet.public1",
            "aws_vpc.this"
          ]
        }
      ]
    },
    {
      "mode": "managed",
      "type": "aws_route_table_association",
      "name": "public1",
      "provider": "provider[\"registry.terraform.io/hashicorp/aws\"]",
      "instances": [
        {
          "schema_version": 0,
          "attributes": {
            "gateway_id": "",
            "id": "rtbassoc-0ed828a00faef64b3",
            "route_table_id": "rtb-0decad86cbcba28e7",
            "subnet_id": "subnet-09c4d67662a7f3241",
            "timeouts": null
          },
          "sensitive_attributes": [],
          "private": "eyJlMmJmYjczMC1lY2FhLTExZTYtOGY4OC0zNDM2M2JjN2M0YzAiOnsiY3JlYXRlIjozMDAwMDAwMDAwMDAsImRlbGV0ZSI6MzAwMDAwMDAwMDAwLCJ1cGRhdGUiOjEyMDAwMDAwMDAwMH19",
          "dependencies": [
            "aws_internet_gateway.igw",
            "aws_route_table.public",
            "aws_subnet.public1",
            "aws_vpc.this"
          ]
        }
      ]
    },
    {
      "mode": "managed",
      "type": "aws_route_table_association",
      "name": "public2",
      "provider": "provider[\"registry.terraform.io/hashicorp/aws\"]",
      "instances": [
        {
          "schema_version": 0,
          "attributes": {
            "gateway_id": "",
            "id": "rtbassoc-09883874c345f7583",
            "route_table_id": "rtb-0decad86cbcba28e7",
            "subnet_id": "subnet-07d949a251d5873f3",
            "timeouts": null
          },
          "sensitive_attributes": [],
          "private": "eyJlMmJmYjczMC1lY2FhLTExZTYtOGY4OC0zNDM2M2JjN2M0YzAiOnsiY3JlYXRlIjozMDAwMDAwMDAwMDAsImRlbGV0ZSI6MzAwMDAwMDAwMDAwLCJ1cGRhdGUiOjEyMDAwMDAwMDAwMH19",
          "dependencies": [
            "aws_internet_gateway.igw",
            "aws_route_table.public",
            "aws_subnet.public2",
            "aws_vpc.this"
          ]
        }
      ]
    },
    {
      "mode": "managed",
      "type": "aws_security_group",
      "name": "LB-SG",
      "provider": "provider[\"registry.terraform.io/hashicorp/aws\"]",
      "instances": [
        {
          "schema_version": 1,
          "attributes": {
            "arn": "arn:aws:ec2:eu-west-2:868171460502:security-group/sg-03ecb93326ca28999",
            "description": "Managed by Terraform",
            "egress": [
              {
                "cidr_blocks": [
                  "0.0.0.0/0"
                ],
                "description": "",
                "from_port": 0,
                "ipv6_cidr_blocks": [
                  "::/0"
                ],
                "prefix_list_ids": [],
                "protocol": "-1",
                "security_groups": [],
                "self": false,
                "to_port": 0
              }
            ],
            "id": "sg-03ecb93326ca28999",
            "ingress": [
              {
                "cidr_blocks": [
                  "0.0.0.0/0"
                ],
                "description": "Allow HTTP",
                "from_port": 80,
                "ipv6_cidr_blocks": [],
                "prefix_list_ids": [],
                "protocol": "tcp",
                "security_groups": [],
                "self": false,
                "to_port": 80
              }
            ],
            "name": "steve-LB-SG",
            "name_prefix": "",
            "owner_id": "868171460502",
            "revoke_rules_on_delete": false,
            "tags": {
              "Project": "steve"
            },
            "tags_all": {
              "Project": "steve"
            },
            "timeouts": null,
            "vpc_id": "vpc-0ab6d8cf38c5553d0"
          },
          "sensitive_attributes": [],
          "private": "eyJlMmJmYjczMC1lY2FhLTExZTYtOGY4OC0zNDM2M2JjN2M0YzAiOnsiY3JlYXRlIjo2MDAwMDAwMDAwMDAsImRlbGV0ZSI6OTAwMDAwMDAwMDAwfSwic2NoZW1hX3ZlcnNpb24iOiIxIn0=",
          "dependencies": [
            "aws_vpc.this"
          ]
        }
      ]
    },
    {
      "mode": "managed",
      "type": "aws_security_group",
      "name": "allow_ssh",
      "provider": "provider[\"registry.terraform.io/hashicorp/aws\"]",
      "instances": [
        {
          "schema_version": 1,
          "attributes": {
            "arn": "arn:aws:ec2:eu-west-2:868171460502:security-group/sg-00cae4032824b2e24",
            "description": "Allow SSH inbound traffic",
            "egress": [
              {
                "cidr_blocks": [
                  "0.0.0.0/0"
                ],
                "description": "",
                "from_port": 0,
                "ipv6_cidr_blocks": [
                  "::/0"
                ],
                "prefix_list_ids": [],
                "protocol": "-1",
                "security_groups": [],
                "self": false,
                "to_port": 0
              }
            ],
            "id": "sg-00cae4032824b2e24",
            "ingress": [
              {
                "cidr_blocks": [
                  "0.0.0.0/0"
                ],
                "description": "Allow SSH",
                "from_port": 22,
                "ipv6_cidr_blocks": [],
                "prefix_list_ids": [],
                "protocol": "tcp",
                "security_groups": [],
                "self": false,
                "to_port": 22
              },
              {
                "cidr_blocks": [],
                "description": "Allow HTTP",
                "from_port": 80,
                "ipv6_cidr_blocks": [],
                "prefix_list_ids": [],
                "protocol": "tcp",
                "security_groups": [
                  "sg-03ecb93326ca28999"
                ],
                "self": false,
                "to_port": 80
              }
            ],
            "name": "allow_ssh",
            "name_prefix": "",
            "owner_id": "868171460502",
            "revoke_rules_on_delete": false,
            "tags": {
              "Name": "allow_ssh"
            },
            "tags_all": {
              "Name": "allow_ssh"
            },
            "timeouts": null,
            "vpc_id": "vpc-0ab6d8cf38c5553d0"
          },
          "sensitive_attributes": [],
          "private": "eyJlMmJmYjczMC1lY2FhLTExZTYtOGY4OC0zNDM2M2JjN2M0YzAiOnsiY3JlYXRlIjo2MDAwMDAwMDAwMDAsImRlbGV0ZSI6OTAwMDAwMDAwMDAwfSwic2NoZW1hX3ZlcnNpb24iOiIxIn0=",
          "dependencies": [
            "aws_security_group.LB-SG",
            "aws_vpc.this"
          ]
        }
      ]
    },
    {
      "mode": "managed",
      "type": "aws_security_group",
      "name": "rds_security_group",
      "provider": "provider[\"registry.terraform.io/hashicorp/aws\"]",
      "instances": [
        {
          "schema_version": 1,
          "attributes": {
            "arn": "arn:aws:ec2:eu-west-2:868171460502:security-group/sg-0391ba715b4db2878",
            "description": "Security group for RDS instance",
            "egress": [],
            "id": "sg-0391ba715b4db2878",
            "ingress": [
              {
                "cidr_blocks": [
                  "10.100.0.0/16"
                ],
                "description": "",
                "from_port": 3306,
                "ipv6_cidr_blocks": [],
                "prefix_list_ids": [],
                "protocol": "tcp",
                "security_groups": [],
                "self": false,
                "to_port": 3306
              }
            ],
            "name": "steve-rds-security-group",
            "name_prefix": "",
            "owner_id": "868171460502",
            "revoke_rules_on_delete": false,
            "tags": {
              "Name": "RDS Security Group"
            },
            "tags_all": {
              "Name": "RDS Security Group"
            },
            "timeouts": null,
            "vpc_id": "vpc-0ab6d8cf38c5553d0"
          },
          "sensitive_attributes": [],
          "private": "eyJlMmJmYjczMC1lY2FhLTExZTYtOGY4OC0zNDM2M2JjN2M0YzAiOnsiY3JlYXRlIjo2MDAwMDAwMDAwMDAsImRlbGV0ZSI6OTAwMDAwMDAwMDAwfSwic2NoZW1hX3ZlcnNpb24iOiIxIn0=",
          "dependencies": [
            "aws_vpc.this"
          ]
        }
      ]
    },
    {
      "mode": "managed",
      "type": "aws_subnet",
      "name": "private1",
      "provider": "provider[\"registry.terraform.io/hashicorp/aws\"]",
      "instances": [
        {
          "schema_version": 1,
          "attributes": {
            "arn": "arn:aws:ec2:eu-west-2:868171460502:subnet/subnet-0a9b46125fa0036d5",
            "assign_ipv6_address_on_creation": false,
            "availability_zone": "eu-west-2a",
            "availability_zone_id": "euw2-az2",
            "cidr_block": "10.100.3.0/24",
            "customer_owned_ipv4_pool": "",
            "enable_dns64": false,
            "enable_lni_at_device_index": 0,
            "enable_resource_name_dns_a_record_on_launch": false,
            "enable_resource_name_dns_aaaa_record_on_launch": false,
            "id": "subnet-0a9b46125fa0036d5",
            "ipv6_cidr_block": "",
            "ipv6_cidr_block_association_id": "",
            "ipv6_native": false,
            "map_customer_owned_ip_on_launch": false,
            "map_public_ip_on_launch": false,
            "outpost_arn": "",
            "owner_id": "868171460502",
            "private_dns_hostname_type_on_launch": "ip-name",
            "tags": {
              "Name": "steve-private-1",
              "Type": "Private"
            },
            "tags_all": {
              "Name": "steve-private-1",
              "Type": "Private"
            },
            "timeouts": null,
            "vpc_id": "vpc-0ab6d8cf38c5553d0"
          },
          "sensitive_attributes": [],
          "private": "eyJlMmJmYjczMC1lY2FhLTExZTYtOGY4OC0zNDM2M2JjN2M0YzAiOnsiY3JlYXRlIjo2MDAwMDAwMDAwMDAsImRlbGV0ZSI6MTIwMDAwMDAwMDAwMH0sInNjaGVtYV92ZXJzaW9uIjoiMSJ9",
          "dependencies": [
            "aws_vpc.this"
          ]
        }
      ]
    },
    {
      "mode": "managed",
      "type": "aws_subnet",
      "name": "private2",
      "provider": "provider[\"registry.terraform.io/hashicorp/aws\"]",
      "instances": [
        {
          "schema_version": 1,
          "attributes": {
            "arn": "arn:aws:ec2:eu-west-2:868171460502:subnet/subnet-04752989671ddbad2",
            "assign_ipv6_address_on_creation": false,
            "availability_zone": "eu-west-2b",
            "availability_zone_id": "euw2-az3",
            "cidr_block": "10.100.4.0/24",
            "customer_owned_ipv4_pool": "",
            "enable_dns64": false,
            "enable_lni_at_device_index": 0,
            "enable_resource_name_dns_a_record_on_launch": false,
            "enable_resource_name_dns_aaaa_record_on_launch": false,
            "id": "subnet-04752989671ddbad2",
            "ipv6_cidr_block": "",
            "ipv6_cidr_block_association_id": "",
            "ipv6_native": false,
            "map_customer_owned_ip_on_launch": false,
            "map_public_ip_on_launch": false,
            "outpost_arn": "",
            "owner_id": "868171460502",
            "private_dns_hostname_type_on_launch": "ip-name",
            "tags": {
              "Name": "steve-private-2",
              "Type": "Private"
            },
            "tags_all": {
              "Name": "steve-private-2",
              "Type": "Private"
            },
            "timeouts": null,
            "vpc_id": "vpc-0ab6d8cf38c5553d0"
          },
          "sensitive_attributes": [],
          "private": "eyJlMmJmYjczMC1lY2FhLTExZTYtOGY4OC0zNDM2M2JjN2M0YzAiOnsiY3JlYXRlIjo2MDAwMDAwMDAwMDAsImRlbGV0ZSI6MTIwMDAwMDAwMDAwMH0sInNjaGVtYV92ZXJzaW9uIjoiMSJ9",
          "dependencies": [
            "aws_vpc.this"
          ]
        }
      ]
    },
    {
      "mode": "managed",
      "type": "aws_subnet",
      "name": "public1",
      "provider": "provider[\"registry.terraform.io/hashicorp/aws\"]",
      "instances": [
        {
          "schema_version": 1,
          "attributes": {
            "arn": "arn:aws:ec2:eu-west-2:868171460502:subnet/subnet-09c4d67662a7f3241",
            "assign_ipv6_address_on_creation": false,
            "availability_zone": "eu-west-2a",
            "availability_zone_id": "euw2-az2",
            "cidr_block": "10.100.1.0/24",
            "customer_owned_ipv4_pool": "",
            "enable_dns64": false,
            "enable_lni_at_device_index": 0,
            "enable_resource_name_dns_a_record_on_launch": false,
            "enable_resource_name_dns_aaaa_record_on_launch": false,
            "id": "subnet-09c4d67662a7f3241",
            "ipv6_cidr_block": "",
            "ipv6_cidr_block_association_id": "",
            "ipv6_native": false,
            "map_customer_owned_ip_on_launch": false,
            "map_public_ip_on_launch": false,
            "outpost_arn": "",
            "owner_id": "868171460502",
            "private_dns_hostname_type_on_launch": "ip-name",
            "tags": {
              "Name": "steve-public-1",
              "Type": "Public"
            },
            "tags_all": {
              "Name": "steve-public-1",
              "Type": "Public"
            },
            "timeouts": null,
            "vpc_id": "vpc-0ab6d8cf38c5553d0"
          },
          "sensitive_attributes": [],
          "private": "eyJlMmJmYjczMC1lY2FhLTExZTYtOGY4OC0zNDM2M2JjN2M0YzAiOnsiY3JlYXRlIjo2MDAwMDAwMDAwMDAsImRlbGV0ZSI6MTIwMDAwMDAwMDAwMH0sInNjaGVtYV92ZXJzaW9uIjoiMSJ9",
          "dependencies": [
            "aws_vpc.this"
          ]
        }
      ]
    },
    {
      "mode": "managed",
      "type": "aws_subnet",
      "name": "public2",
      "provider": "provider[\"registry.terraform.io/hashicorp/aws\"]",
      "instances": [
        {
          "schema_version": 1,
          "attributes": {
            "arn": "arn:aws:ec2:eu-west-2:868171460502:subnet/subnet-07d949a251d5873f3",
            "assign_ipv6_address_on_creation": false,
            "availability_zone": "eu-west-2b",
            "availability_zone_id": "euw2-az3",
            "cidr_block": "10.100.2.0/24",
            "customer_owned_ipv4_pool": "",
            "enable_dns64": false,
            "enable_lni_at_device_index": 0,
            "enable_resource_name_dns_a_record_on_launch": false,
            "enable_resource_name_dns_aaaa_record_on_launch": false,
            "id": "subnet-07d949a251d5873f3",
            "ipv6_cidr_block": "",
            "ipv6_cidr_block_association_id": "",
            "ipv6_native": false,
            "map_customer_owned_ip_on_launch": false,
            "map_public_ip_on_launch": false,
            "outpost_arn": "",
            "owner_id": "868171460502",
            "private_dns_hostname_type_on_launch": "ip-name",
            "tags": {
              "Name": "steve-public-2",
              "Type": "Public"
            },
            "tags_all": {
              "Name": "steve-public-2",
              "Type": "Public"
            },
            "timeouts": null,
            "vpc_id": "vpc-0ab6d8cf38c5553d0"
          },
          "sensitive_attributes": [],
          "private": "eyJlMmJmYjczMC1lY2FhLTExZTYtOGY4OC0zNDM2M2JjN2M0YzAiOnsiY3JlYXRlIjo2MDAwMDAwMDAwMDAsImRlbGV0ZSI6MTIwMDAwMDAwMDAwMH0sInNjaGVtYV92ZXJzaW9uIjoiMSJ9",
          "dependencies": [
            "aws_vpc.this"
          ]
        }
      ]
    },
    {
      "mode": "managed",
      "type": "aws_vpc",
      "name": "this",
      "provider": "provider[\"registry.terraform.io/hashicorp/aws\"]",
      "instances": [
        {
          "schema_version": 1,
          "attributes": {
            "arn": "arn:aws:ec2:eu-west-2:868171460502:vpc/vpc-0ab6d8cf38c5553d0",
            "assign_generated_ipv6_cidr_block": false,
            "cidr_block": "10.100.0.0/16",
            "default_network_acl_id": "acl-0dfdfe5ee5997d29c",
            "default_route_table_id": "rtb-046d59641d73a2e3a",
            "default_security_group_id": "sg-0b2b55a31890e7a24",
            "dhcp_options_id": "dopt-01be46dd5427de226",
            "enable_dns_hostnames": false,
            "enable_dns_support": true,
            "enable_network_address_usage_metrics": false,
            "id": "vpc-0ab6d8cf38c5553d0",
            "instance_tenancy": "default",
            "ipv4_ipam_pool_id": null,
            "ipv4_netmask_length": null,
            "ipv6_association_id": "",
            "ipv6_cidr_block": "",
            "ipv6_cidr_block_network_border_group": "",
            "ipv6_ipam_pool_id": "",
            "ipv6_netmask_length": 0,
            "main_route_table_id": "rtb-046d59641d73a2e3a",
            "owner_id": "868171460502",
            "tags": {
              "Name": "steve-vpc"
            },
            "tags_all": {
              "Name": "steve-vpc"
            }
          },
          "sensitive_attributes": [],
          "private": "eyJzY2hlbWFfdmVyc2lvbiI6IjEifQ=="
        }
      ]
    },
    {
      "mode": "managed",
      "type": "tls_private_key",
      "name": "pk",
      "provider": "provider[\"registry.terraform.io/hashicorp/tls\"]",
      "instances": [
        {
          "schema_version": 1,
          "attributes": {
            "algorithm": "RSA",
            "ecdsa_curve": "P224",
            "id": "ed0a1fd508a8a920484491f045bab24dc410db96",
            "private_key_openssh": "-----BEGIN OPENSSH PRIVATE KEY-----\nb3BlbnNzaC1rZXktdjEAAAAABG5vbmUAAAAEbm9uZQAAAAAAAAABAAACFwAAAAdz\nc2gtcnNhAAAAAwEAAQAAAgEAq54XlONsuzWcXNqTTu1VMjDsLYCWTtvX1v5+IVoT\ndL7C0WMD251fOZyAN4B/SQGFBv+HjbwL2SNXe1KOoPwfUWSq9WqFADrvbuUYuRxV\nP/VsAUUZcu4BD49kMd/5AJ5uFsKmZSZioajM0UKIKjJqv4Fh3CXA4JuDqzX6TSSI\n+Cd5VG4VCr+HXaroJnf/U4/nSthxHu0zARNl8cDkvoOLbDR80rFbkhree2uteUIn\n2fOzZPYEkZ8R8b2ox4kA0N6X/8GJDJG1BMmmjAlLwyw/3aE+ty7y8M5sjl2bTaEV\nNJxu2iICezpqPx4b4cTfJla74kgoc0HprlHlGTc5PdwLSP69Wk+cZljeUWWHl3oL\nSp33jNoMgOuK1OL0nXpmZwwDgNfawn6kjn/GkaxpeH5nl2uAw6FXE3mdEwH3nYKn\nKFtrh17iEyy1aHULz0fB0T5grkSMDocOKKi+sY7W118w33Zya+bioflYeeszSOas\nwJiCEr1LqqR2PXqfG0YCOCZu4oE5EL/9JYoL0Z20pQl5D+elTnoFqWVj65tO2WAG\nZyDH3hFwwcbNlV/nv2se1LHf3EDVLKvF1GjKro5rjSOvdow9txWpUYSXtj9ab2h8\nXk2dFwH4bcngZMw52z61FwGPsU/J69T2jdTRAIKuZhxBDw4HDgGVCOZdxruXEuJO\ndI8AAAc4jdk82I3ZPNgAAAAHc3NoLXJzYQAAAgEAq54XlONsuzWcXNqTTu1VMjDs\nLYCWTtvX1v5+IVoTdL7C0WMD251fOZyAN4B/SQGFBv+HjbwL2SNXe1KOoPwfUWSq\n9WqFADrvbuUYuRxVP/VsAUUZcu4BD49kMd/5AJ5uFsKmZSZioajM0UKIKjJqv4Fh\n3CXA4JuDqzX6TSSI+Cd5VG4VCr+HXaroJnf/U4/nSthxHu0zARNl8cDkvoOLbDR8\n0rFbkhree2uteUIn2fOzZPYEkZ8R8b2ox4kA0N6X/8GJDJG1BMmmjAlLwyw/3aE+\nty7y8M5sjl2bTaEVNJxu2iICezpqPx4b4cTfJla74kgoc0HprlHlGTc5PdwLSP69\nWk+cZljeUWWHl3oLSp33jNoMgOuK1OL0nXpmZwwDgNfawn6kjn/GkaxpeH5nl2uA\nw6FXE3mdEwH3nYKnKFtrh17iEyy1aHULz0fB0T5grkSMDocOKKi+sY7W118w33Zy\na+bioflYeeszSOaswJiCEr1LqqR2PXqfG0YCOCZu4oE5EL/9JYoL0Z20pQl5D+el\nTnoFqWVj65tO2WAGZyDH3hFwwcbNlV/nv2se1LHf3EDVLKvF1GjKro5rjSOvdow9\ntxWpUYSXtj9ab2h8Xk2dFwH4bcngZMw52z61FwGPsU/J69T2jdTRAIKuZhxBDw4H\nDgGVCOZdxruXEuJOdI8AAAADAQABAAACABT7As8E7qoEZ9VCM3gWs6+rI3R8n+OM\nJNr3ydux82b2W0LV5AbZOmcEpvgiEW2Pbf/pBV1ie+BT3cIJ2b38lKeSswPFvfTF\nP7hC8b7Po+xpyIZvOClAx4hrc0hVpU9aDwNhUI5VHwG8bS24AIWIHFzFKH2NcAMF\ngBdSRgNgUA5mZQLZYmEqARaGalMpoGFK2m/f/hRV00JyaKgheNWBp23XDNuFKzi1\naDWWeGK2n8CZdnkFSpGy7LKtCRE7wonGbLarpmGO/p5TOLUt/cEii7xAljY22yRt\nWAAfmXjoFHuWFEc+mScPgSWuPKJhOxaoy9diEu/kQvk4sdVfVvQlDovurk4+n0RB\nbpKRZVIWNdq7foUX4FS7IPfFAXujYDpNiOrZxXDsLlxi2HFeXVX4evWnoF50gKXX\nxyeR6XVNHWoLWZSRnJQQt/fkFeyj13UsQC4+HCK3LxbvUfo4DwzIlW7/8sXo58hV\nUxVP0qI/MiMLHL43hVVSJ+9JDgQkDbPZAR7aIGbHulCZyyg86G/NsTENc4Re3/6x\nIlCdZYkeDyUSR7yoUnWdO53dKMPdeo90ieLvP5ZAYBfuszsRSdBeik5LnfMHVZ7A\nQqXZM00NwR+n6wzvOFguQ50Acpf4mnAZ9V2fW5O+ZzFblcKFKTtcLDngkCurY9e2\nQRD1DdDU/RfBAAABAQCpxJc2IU3WxPQmxzEYeDQBCfnGi08z162PlJfQfIL5vM0W\np56/R5v5m+vOz6tJgfXMf9mp95vZIYYx00KLjvTKlxjm0yj77UnBPCFsulABy+kx\npFxtmMxFOTjktjeVzQko595N+sDbeUMKfcrANKdJbDxg1dhWj9mD2KZeIbAQBayq\nOjxzPelS+aspySyydjSnug/bbYjlBHStgOMvVCH2pxyf4bn0hd5O9+3rhswiLUQd\nzNWKuYfH+CZL3hIMciU4EUlvv9QrSOAM6qn0kfv9nF7n1mgwdflhhrwaXOJcggw+\njggoiKxyUaRtoTwNG7tRNG1to0yLxbKWi+oL5iTAAAABAQDaG/zuRiMGl/d9yORC\n6lqUNRHnEYhdl3iabMSnuzgGjv+F08fOJnMl18OWFTvH+ZKelrf6KnKguxT8qgWF\neoQ8ARpC+5d0KbpZ4k3X1X+T++yCVHNe5La/hk+gBgQ75PK0lZCTyWauAd+Iuc4E\n7EmeI6RWT5PMewhQ/0bi4KtKfwFrpcsqff8kDgQLD0ReuJKH3XuuLWjL/ZgtF6EF\n7ALJKnB6Wh0x6KL8qdIbaijV40IIrnjDYp8gx6CxS0o16hRfkd+2RnUI7pHWX1am\nRtIGQ35JItCZ1/yEwlOAvuLiFXIDsQoh4++N9UDHuHhYoIFDilzjlba6jojQNF99\n51a5AAABAQDJbnet2IkVF5LH7JmKdifY5ZvY3Kkz61gAqZFZxC4yuWGqdhYdyqVY\ngB2/+NfxEGUV0/7431tvBpD3VtIv9I9ksybXGlHi2V45ZQqE4WxCUHvGOyiI2ucp\neom+drFof3HjrN6Hs5Wej2S9ecwcBSdw+1Zdq0mZkhprRrWE8Px6IfwTbSftpj+z\nc3MVHeDKaqSG3yd07GVfNvsfzO5dKYBJZwQExrNqzlqG0QBpMJ2S1meSLOrd1RNS\npZHfhrXx5znae5Ky0wKjPJDL3iPYH2Rehk1e0Qg1JtljNtiK46Ydg3Z8wPpuWIl7\nq+GiTTSGa5Njqe22XEQsS8CZf+iZQQGHAAAAAAEC\n-----END OPENSSH PRIVATE KEY-----\n",
            "private_key_pem": "-----BEGIN RSA PRIVATE KEY-----\nMIIJKQIBAAKCAgEAq54XlONsuzWcXNqTTu1VMjDsLYCWTtvX1v5+IVoTdL7C0WMD\n251fOZyAN4B/SQGFBv+HjbwL2SNXe1KOoPwfUWSq9WqFADrvbuUYuRxVP/VsAUUZ\ncu4BD49kMd/5AJ5uFsKmZSZioajM0UKIKjJqv4Fh3CXA4JuDqzX6TSSI+Cd5VG4V\nCr+HXaroJnf/U4/nSthxHu0zARNl8cDkvoOLbDR80rFbkhree2uteUIn2fOzZPYE\nkZ8R8b2ox4kA0N6X/8GJDJG1BMmmjAlLwyw/3aE+ty7y8M5sjl2bTaEVNJxu2iIC\nezpqPx4b4cTfJla74kgoc0HprlHlGTc5PdwLSP69Wk+cZljeUWWHl3oLSp33jNoM\ngOuK1OL0nXpmZwwDgNfawn6kjn/GkaxpeH5nl2uAw6FXE3mdEwH3nYKnKFtrh17i\nEyy1aHULz0fB0T5grkSMDocOKKi+sY7W118w33Zya+bioflYeeszSOaswJiCEr1L\nqqR2PXqfG0YCOCZu4oE5EL/9JYoL0Z20pQl5D+elTnoFqWVj65tO2WAGZyDH3hFw\nwcbNlV/nv2se1LHf3EDVLKvF1GjKro5rjSOvdow9txWpUYSXtj9ab2h8Xk2dFwH4\nbcngZMw52z61FwGPsU/J69T2jdTRAIKuZhxBDw4HDgGVCOZdxruXEuJOdI8CAwEA\nAQKCAgAU+wLPBO6qBGfVQjN4FrOvqyN0fJ/jjCTa98nbsfNm9ltC1eQG2TpnBKb4\nIhFtj23/6QVdYnvgU93CCdm9/JSnkrMDxb30xT+4QvG+z6PsaciGbzgpQMeIa3NI\nVaVPWg8DYVCOVR8BvG0tuACFiBxcxSh9jXADBYAXUkYDYFAOZmUC2WJhKgEWhmpT\nKaBhStpv3/4UVdNCcmioIXjVgadt1wzbhSs4tWg1lnhitp/AmXZ5BUqRsuyyrQkR\nO8KJxmy2q6Zhjv6eUzi1Lf3BIou8QJY2NtskbVgAH5l46BR7lhRHPpknD4Elrjyi\nYTsWqMvXYhLv5EL5OLHVX1b0JQ6L7q5OPp9EQW6SkWVSFjXau36FF+BUuyD3xQF7\no2A6TYjq2cVw7C5cYthxXl1V+Hr1p6BedICl18cnkel1TR1qC1mUkZyUELf35BXs\no9d1LEAuPhwity8W71H6OA8MyJVu//LF6OfIVVMVT9KiPzIjCxy+N4VVUifvSQ4E\nJA2z2QEe2iBmx7pQmcsoPOhvzbExDXOEXt/+sSJQnWWJHg8lEke8qFJ1nTud3SjD\n3XqPdIni7z+WQGAX7rM7EUnQXopOS53zB1WewEKl2TNNDcEfp+sM7zhYLkOdAHKX\n+JpwGfVdn1uTvmcxW5XChSk7XCw54JArq2PXtkEQ9Q3Q1P0XwQKCAQEA2hv87kYj\nBpf3fcjkQupalDUR5xGIXZd4mmzEp7s4Bo7/hdPHziZzJdfDlhU7x/mSnpa3+ipy\noLsU/KoFhXqEPAEaQvuXdCm6WeJN19V/k/vsglRzXuS2v4ZPoAYEO+TytJWQk8lm\nrgHfiLnOBOxJniOkVk+TzHsIUP9G4uCrSn8Ba6XLKn3/JA4ECw9EXriSh917ri1o\ny/2YLRehBewCySpwelodMeii/KnSG2oo1eNCCK54w2KfIMegsUtKNeoUX5HftkZ1\nCO6R1l9WpkbSBkN+SSLQmdf8hMJTgL7i4hVyA7EKIePvjfVAx7h4WKCBQ4pc45W2\nuo6I0DRffedWuQKCAQEAyW53rdiJFReSx+yZinYn2OWb2NypM+tYAKmRWcQuMrlh\nqnYWHcqlWIAdv/jX8RBlFdP++N9bbwaQ91bSL/SPZLMm1xpR4tleOWUKhOFsQlB7\nxjsoiNrnKXqJvnaxaH9x46zeh7OVno9kvXnMHAUncPtWXatJmZIaa0a1hPD8eiH8\nE20n7aY/s3NzFR3gymqkht8ndOxlXzb7H8zuXSmASWcEBMazas5ahtEAaTCdktZn\nkizq3dUTUqWR34a18ec52nuSstMCozyQy94j2B9kXoZNXtEINSbZYzbYiuOmHYN2\nfMD6bliJe6vhok00hmuTY6nttlxELEvAmX/omUEBhwKCAQEAuxytpUBYRgzTDn7s\njBd+84x/ukrJQPl0Ro6vOvIbQ00kGwwvakSEHl/28+dtbMZHqXPFi4Ek64zzmTrH\nF9aeYNfVTseGC+rMatYBT/thwnOqV7jZbPwrZy1zW+YtdbCZIqD48kAirX7/5Mz5\n2DFZiqgrELyeIBsgbFRD3Nk/Od6xOkd2fxKucqDviQlk7xnK43H369obAH2jMnQF\n+Q2a6jdVXTG3wBxCzx1lGY2+UJfxC3+aLIyL1VRNICxmEtCo/8AmOrpBJxN723vY\n2zcAcM0wJtAOQx0PDlmjx1x7Sdd6A367IY3o8lEHbQ9tdyLjIi0uOTQ0GeGzr2Ju\n1ZVESQKCAQB+phxNjBY00suRNGwdqMjJEST6J1Ojt1dvoy4mmLjLX8/Ok8y4Eo//\nox4Rc+6iPUKxhMeNxzIADsrbGRWy3TvDfvjuyjeuQCmEQMlqXynoUB5itxN3aNtr\nMwakYJCPOYJsOmb4P6vVNCeNEqWJAJyZ5w2Ye3gdPMWrqZu76KF2USPjOwCd5aer\ntu0m29BYtNCZlHmEhJYAVdtzVTCSFuP4QvM95YktoG0+0u5FNTH9/xzDxcYukChE\nEKI1PsfrPw0bGBNWqGHCLPSFmjhDTQmYfSzsbtWQRcrtHLDuMtBhQiUfr15GPxjC\nT4HgwFZEJiNXyKITxNOAXmjMmqWupjbFAoIBAQCpxJc2IU3WxPQmxzEYeDQBCfnG\ni08z162PlJfQfIL5vM0Wp56/R5v5m+vOz6tJgfXMf9mp95vZIYYx00KLjvTKlxjm\n0yj77UnBPCFsulABy+kxpFxtmMxFOTjktjeVzQko595N+sDbeUMKfcrANKdJbDxg\n1dhWj9mD2KZeIbAQBayqOjxzPelS+aspySyydjSnug/bbYjlBHStgOMvVCH2pxyf\n4bn0hd5O9+3rhswiLUQdzNWKuYfH+CZL3hIMciU4EUlvv9QrSOAM6qn0kfv9nF7n\n1mgwdflhhrwaXOJcggw+jggoiKxyUaRtoTwNG7tRNG1to0yLxbKWi+oL5iTA\n-----END RSA PRIVATE KEY-----\n",
            "private_key_pem_pkcs8": "-----BEGIN PRIVATE KEY-----\nMIIJQwIBADANBgkqhkiG9w0BAQEFAASCCS0wggkpAgEAAoICAQCrnheU42y7NZxc\n2pNO7VUyMOwtgJZO29fW/n4hWhN0vsLRYwPbnV85nIA3gH9JAYUG/4eNvAvZI1d7\nUo6g/B9RZKr1aoUAOu9u5Ri5HFU/9WwBRRly7gEPj2Qx3/kAnm4WwqZlJmKhqMzR\nQogqMmq/gWHcJcDgm4OrNfpNJIj4J3lUbhUKv4ddqugmd/9Tj+dK2HEe7TMBE2Xx\nwOS+g4tsNHzSsVuSGt57a615QifZ87Nk9gSRnxHxvajHiQDQ3pf/wYkMkbUEyaaM\nCUvDLD/doT63LvLwzmyOXZtNoRU0nG7aIgJ7Omo/HhvhxN8mVrviSChzQemuUeUZ\nNzk93AtI/r1aT5xmWN5RZYeXegtKnfeM2gyA64rU4vSdemZnDAOA19rCfqSOf8aR\nrGl4fmeXa4DDoVcTeZ0TAfedgqcoW2uHXuITLLVodQvPR8HRPmCuRIwOhw4oqL6x\njtbXXzDfdnJr5uKh+Vh56zNI5qzAmIISvUuqpHY9ep8bRgI4Jm7igTkQv/0ligvR\nnbSlCXkP56VOegWpZWPrm07ZYAZnIMfeEXDBxs2VX+e/ax7Usd/cQNUsq8XUaMqu\njmuNI692jD23FalRhJe2P1pvaHxeTZ0XAfhtyeBkzDnbPrUXAY+xT8nr1PaN1NEA\ngq5mHEEPDgcOAZUI5l3Gu5cS4k50jwIDAQABAoICABT7As8E7qoEZ9VCM3gWs6+r\nI3R8n+OMJNr3ydux82b2W0LV5AbZOmcEpvgiEW2Pbf/pBV1ie+BT3cIJ2b38lKeS\nswPFvfTFP7hC8b7Po+xpyIZvOClAx4hrc0hVpU9aDwNhUI5VHwG8bS24AIWIHFzF\nKH2NcAMFgBdSRgNgUA5mZQLZYmEqARaGalMpoGFK2m/f/hRV00JyaKgheNWBp23X\nDNuFKzi1aDWWeGK2n8CZdnkFSpGy7LKtCRE7wonGbLarpmGO/p5TOLUt/cEii7xA\nljY22yRtWAAfmXjoFHuWFEc+mScPgSWuPKJhOxaoy9diEu/kQvk4sdVfVvQlDovu\nrk4+n0RBbpKRZVIWNdq7foUX4FS7IPfFAXujYDpNiOrZxXDsLlxi2HFeXVX4evWn\noF50gKXXxyeR6XVNHWoLWZSRnJQQt/fkFeyj13UsQC4+HCK3LxbvUfo4DwzIlW7/\n8sXo58hVUxVP0qI/MiMLHL43hVVSJ+9JDgQkDbPZAR7aIGbHulCZyyg86G/NsTEN\nc4Re3/6xIlCdZYkeDyUSR7yoUnWdO53dKMPdeo90ieLvP5ZAYBfuszsRSdBeik5L\nnfMHVZ7AQqXZM00NwR+n6wzvOFguQ50Acpf4mnAZ9V2fW5O+ZzFblcKFKTtcLDng\nkCurY9e2QRD1DdDU/RfBAoIBAQDaG/zuRiMGl/d9yORC6lqUNRHnEYhdl3iabMSn\nuzgGjv+F08fOJnMl18OWFTvH+ZKelrf6KnKguxT8qgWFeoQ8ARpC+5d0KbpZ4k3X\n1X+T++yCVHNe5La/hk+gBgQ75PK0lZCTyWauAd+Iuc4E7EmeI6RWT5PMewhQ/0bi\n4KtKfwFrpcsqff8kDgQLD0ReuJKH3XuuLWjL/ZgtF6EF7ALJKnB6Wh0x6KL8qdIb\naijV40IIrnjDYp8gx6CxS0o16hRfkd+2RnUI7pHWX1amRtIGQ35JItCZ1/yEwlOA\nvuLiFXIDsQoh4++N9UDHuHhYoIFDilzjlba6jojQNF9951a5AoIBAQDJbnet2IkV\nF5LH7JmKdifY5ZvY3Kkz61gAqZFZxC4yuWGqdhYdyqVYgB2/+NfxEGUV0/7431tv\nBpD3VtIv9I9ksybXGlHi2V45ZQqE4WxCUHvGOyiI2ucpeom+drFof3HjrN6Hs5We\nj2S9ecwcBSdw+1Zdq0mZkhprRrWE8Px6IfwTbSftpj+zc3MVHeDKaqSG3yd07GVf\nNvsfzO5dKYBJZwQExrNqzlqG0QBpMJ2S1meSLOrd1RNSpZHfhrXx5znae5Ky0wKj\nPJDL3iPYH2Rehk1e0Qg1JtljNtiK46Ydg3Z8wPpuWIl7q+GiTTSGa5Njqe22XEQs\nS8CZf+iZQQGHAoIBAQC7HK2lQFhGDNMOfuyMF37zjH+6SslA+XRGjq868htDTSQb\nDC9qRIQeX/bz521sxkepc8WLgSTrjPOZOscX1p5g19VOx4YL6sxq1gFP+2HCc6pX\nuNls/CtnLXNb5i11sJkioPjyQCKtfv/kzPnYMVmKqCsQvJ4gGyBsVEPc2T853rE6\nR3Z/Eq5yoO+JCWTvGcrjcffr2hsAfaMydAX5DZrqN1VdMbfAHELPHWUZjb5Ql/EL\nf5osjIvVVE0gLGYS0Kj/wCY6ukEnE3vbe9jbNwBwzTAm0A5DHQ8OWaPHXHtJ13oD\nfrshjejyUQdtD213IuMiLS45NDQZ4bOvYm7VlURJAoIBAH6mHE2MFjTSy5E0bB2o\nyMkRJPonU6O3V2+jLiaYuMtfz86TzLgSj/+jHhFz7qI9QrGEx43HMgAOytsZFbLd\nO8N++O7KN65AKYRAyWpfKehQHmK3E3do22szBqRgkI85gmw6Zvg/q9U0J40SpYkA\nnJnnDZh7eB08xaupm7vooXZRI+M7AJ3lp6u27Sbb0Fi00JmUeYSElgBV23NVMJIW\n4/hC8z3liS2gbT7S7kU1Mf3/HMPFxi6QKEQQojU+x+s/DRsYE1aoYcIs9IWaOENN\nCZh9LOxu1ZBFyu0csO4y0GFCJR+vXkY/GMJPgeDAVkQmI1fIohPE04BeaMyapa6m\nNsUCggEBAKnElzYhTdbE9CbHMRh4NAEJ+caLTzPXrY+Ul9B8gvm8zRannr9Hm/mb\n687Pq0mB9cx/2an3m9khhjHTQouO9MqXGObTKPvtScE8IWy6UAHL6TGkXG2YzEU5\nOOS2N5XNCSjn3k36wNt5Qwp9ysA0p0lsPGDV2FaP2YPYpl4hsBAFrKo6PHM96VL5\nqynJLLJ2NKe6D9ttiOUEdK2A4y9UIfanHJ/hufSF3k737euGzCItRB3M1Yq5h8f4\nJkveEgxyJTgRSW+/1CtI4AzqqfSR+/2cXufWaDB1+WGGvBpc4lyCDD6OCCiIrHJR\npG2hPA0bu1E0bW2jTIvFspaL6gvmJMA=\n-----END PRIVATE KEY-----\n",
            "public_key_fingerprint_md5": "de:46:68:6d:b7:83:ce:ce:e6:19:08:0d:b3:39:28:51",
            "public_key_fingerprint_sha256": "SHA256:FT5H9cUKDY6wJ5j+K8ehIwc8m8SMaMnrcSJbMEM3CzA",
            "public_key_openssh": "ssh-rsa AAAAB3NzaC1yc2EAAAADAQABAAACAQCrnheU42y7NZxc2pNO7VUyMOwtgJZO29fW/n4hWhN0vsLRYwPbnV85nIA3gH9JAYUG/4eNvAvZI1d7Uo6g/B9RZKr1aoUAOu9u5Ri5HFU/9WwBRRly7gEPj2Qx3/kAnm4WwqZlJmKhqMzRQogqMmq/gWHcJcDgm4OrNfpNJIj4J3lUbhUKv4ddqugmd/9Tj+dK2HEe7TMBE2XxwOS+g4tsNHzSsVuSGt57a615QifZ87Nk9gSRnxHxvajHiQDQ3pf/wYkMkbUEyaaMCUvDLD/doT63LvLwzmyOXZtNoRU0nG7aIgJ7Omo/HhvhxN8mVrviSChzQemuUeUZNzk93AtI/r1aT5xmWN5RZYeXegtKnfeM2gyA64rU4vSdemZnDAOA19rCfqSOf8aRrGl4fmeXa4DDoVcTeZ0TAfedgqcoW2uHXuITLLVodQvPR8HRPmCuRIwOhw4oqL6xjtbXXzDfdnJr5uKh+Vh56zNI5qzAmIISvUuqpHY9ep8bRgI4Jm7igTkQv/0ligvRnbSlCXkP56VOegWpZWPrm07ZYAZnIMfeEXDBxs2VX+e/ax7Usd/cQNUsq8XUaMqujmuNI692jD23FalRhJe2P1pvaHxeTZ0XAfhtyeBkzDnbPrUXAY+xT8nr1PaN1NEAgq5mHEEPDgcOAZUI5l3Gu5cS4k50jw==\n",
            "public_key_pem": "-----BEGIN PUBLIC KEY-----\nMIICIjANBgkqhkiG9w0BAQEFAAOCAg8AMIICCgKCAgEAq54XlONsuzWcXNqTTu1V\nMjDsLYCWTtvX1v5+IVoTdL7C0WMD251fOZyAN4B/SQGFBv+HjbwL2SNXe1KOoPwf\nUWSq9WqFADrvbuUYuRxVP/VsAUUZcu4BD49kMd/5AJ5uFsKmZSZioajM0UKIKjJq\nv4Fh3CXA4JuDqzX6TSSI+Cd5VG4VCr+HXaroJnf/U4/nSthxHu0zARNl8cDkvoOL\nbDR80rFbkhree2uteUIn2fOzZPYEkZ8R8b2ox4kA0N6X/8GJDJG1BMmmjAlLwyw/\n3aE+ty7y8M5sjl2bTaEVNJxu2iICezpqPx4b4cTfJla74kgoc0HprlHlGTc5PdwL\nSP69Wk+cZljeUWWHl3oLSp33jNoMgOuK1OL0nXpmZwwDgNfawn6kjn/GkaxpeH5n\nl2uAw6FXE3mdEwH3nYKnKFtrh17iEyy1aHULz0fB0T5grkSMDocOKKi+sY7W118w\n33Zya+bioflYeeszSOaswJiCEr1LqqR2PXqfG0YCOCZu4oE5EL/9JYoL0Z20pQl5\nD+elTnoFqWVj65tO2WAGZyDH3hFwwcbNlV/nv2se1LHf3EDVLKvF1GjKro5rjSOv\ndow9txWpUYSXtj9ab2h8Xk2dFwH4bcngZMw52z61FwGPsU/J69T2jdTRAIKuZhxB\nDw4HDgGVCOZdxruXEuJOdI8CAwEAAQ==\n-----END PUBLIC KEY-----\n",
            "rsa_bits": 4096
          },
          "sensitive_attributes": [
            [
              {
                "type": "get_attr",
                "value": "private_key_pem"
              }
            ],
            [
              {
                "type": "get_attr",
                "value": "private_key_pem_pkcs8"
              }
            ],
            [
              {
                "type": "get_attr",
                "value": "private_key_openssh"
              }
            ]
          ]
        }
      ]
    },
    {
      "module": "module.ecr",
      "mode": "data",
      "type": "aws_caller_identity",
      "name": "current",
      "provider": "provider[\"registry.terraform.io/hashicorp/aws\"]",
      "instances": [
        {
          "schema_version": 0,
          "attributes": {
            "account_id": "868171460502",
            "arn": "arn:aws:iam::868171460502:user/steve",
            "id": "868171460502",
            "user_id": "AIDA4UIYNF6LE4TE7RDHW"
          },
          "sensitive_attributes": []
        }
      ]
    },
    {
      "module": "module.ecr",
      "mode": "data",
      "type": "aws_iam_policy_document",
      "name": "repository",
      "provider": "provider[\"registry.terraform.io/hashicorp/aws\"]",
      "instances": [
        {
          "index_key": 0,
          "schema_version": 0,
          "attributes": {
            "id": "3352293344",
            "json": "{\n  \"Version\": \"2012-10-17\",\n  \"Statement\": [\n    {\n      \"Sid\": \"PrivateReadOnly\",\n      \"Effect\": \"Allow\",\n      \"Action\": [\n        \"ecr:ListTagsForResource\",\n        \"ecr:ListImages\",\n        \"ecr:GetRepositoryPolicy\",\n        \"ecr:GetLifecyclePolicyPreview\",\n        \"ecr:GetLifecyclePolicy\",\n        \"ecr:GetDownloadUrlForLayer\",\n        \"ecr:GetAuthorizationToken\",\n        \"ecr:DescribeRepositories\",\n        \"ecr:DescribeImages\",\n        \"ecr:DescribeImageScanFindings\",\n        \"ecr:BatchGetImage\",\n        \"ecr:BatchCheckLayerAvailability\"\n      ],\n      \"Principal\": {\n        \"AWS\": \"arn:aws:iam::868171460502:root\"\n      }\n    },\n    {\n      \"Sid\": \"ReadWrite\",\n      \"Effect\": \"Allow\",\n      \"Action\": [\n        \"ecr:UploadLayerPart\",\n        \"ecr:PutImage\",\n        \"ecr:InitiateLayerUpload\",\n        \"ecr:CompleteLayerUpload\"\n      ],\n      \"Principal\": {\n        \"AWS\": \"arn:aws:iam::868171460502:root\"\n      }\n    }\n  ]\n}",
            "override_policy_documents": null,
            "policy_id": null,
            "source_policy_documents": null,
            "statement": [
              {
                "actions": [
                  "ecr:BatchCheckLayerAvailability",
                  "ecr:BatchGetImage",
                  "ecr:DescribeImageScanFindings",
                  "ecr:DescribeImages",
                  "ecr:DescribeRepositories",
                  "ecr:GetAuthorizationToken",
                  "ecr:GetDownloadUrlForLayer",
                  "ecr:GetLifecyclePolicy",
                  "ecr:GetLifecyclePolicyPreview",
                  "ecr:GetRepositoryPolicy",
                  "ecr:ListImages",
                  "ecr:ListTagsForResource"
                ],
                "condition": [],
                "effect": "Allow",
                "not_actions": [],
                "not_principals": [],
                "not_resources": [],
                "principals": [
                  {
                    "identifiers": [
                      "arn:aws:iam::868171460502:root"
                    ],
                    "type": "AWS"
                  }
                ],
                "resources": [],
                "sid": "PrivateReadOnly"
              },
              {
                "actions": [
                  "ecr:CompleteLayerUpload",
                  "ecr:InitiateLayerUpload",
                  "ecr:PutImage",
                  "ecr:UploadLayerPart"
                ],
                "condition": [],
                "effect": "Allow",
                "not_actions": [],
                "not_principals": [],
                "not_resources": [],
                "principals": [
                  {
                    "identifiers": [
                      "arn:aws:iam::868171460502:root"
                    ],
                    "type": "AWS"
                  }
                ],
                "resources": [],
                "sid": "ReadWrite"
              }
            ],
            "version": "2012-10-17"
          },
          "sensitive_attributes": []
        }
      ]
    },
    {
      "module": "module.ecr",
      "mode": "data",
      "type": "aws_partition",
      "name": "current",
      "provider": "provider[\"registry.terraform.io/hashicorp/aws\"]",
      "instances": [
        {
          "schema_version": 0,
          "attributes": {
            "dns_suffix": "amazonaws.com",
            "id": "aws",
            "partition": "aws",
            "reverse_dns_prefix": "com.amazonaws"
          },
          "sensitive_attributes": []
        }
      ]
    },
    {
      "module": "module.ecr",
      "mode": "managed",
      "type": "aws_ecr_lifecycle_policy",
      "name": "this",
      "provider": "provider[\"registry.terraform.io/hashicorp/aws\"]",
      "instances": [
        {
          "index_key": 0,
          "schema_version": 0,
          "attributes": {
            "id": "steve-wordpress-repo",
            "policy": "{\"rules\":[{\"action\":{\"type\":\"expire\"},\"description\":\"Keep last 2 images\",\"rulePriority\":1,\"selection\":{\"countNumber\":2,\"countType\":\"imageCountMoreThan\",\"tagPrefixList\":[\"v\"],\"tagStatus\":\"tagged\"}}]}",
            "registry_id": "868171460502",
            "repository": "steve-wordpress-repo"
          },
          "sensitive_attributes": [],
          "private": "bnVsbA==",
          "dependencies": [
            "module.ecr.aws_ecr_repository.this"
          ]
        }
      ]
    },
    {
      "module": "module.ecr",
      "mode": "managed",
      "type": "aws_ecr_repository",
      "name": "this",
      "provider": "provider[\"registry.terraform.io/hashicorp/aws\"]",
      "instances": [
        {
          "index_key": 0,
          "schema_version": 0,
          "attributes": {
            "arn": "arn:aws:ecr:eu-west-2:868171460502:repository/steve-wordpress-repo",
            "encryption_configuration": [
              {
                "encryption_type": "AES256",
                "kms_key": ""
              }
            ],
            "force_delete": true,
            "id": "steve-wordpress-repo",
            "image_scanning_configuration": [
              {
                "scan_on_push": true
              }
            ],
            "image_tag_mutability": "MUTABLE",
            "name": "steve-wordpress-repo",
            "registry_id": "868171460502",
            "repository_url": "868171460502.dkr.ecr.eu-west-2.amazonaws.com/steve-wordpress-repo",
            "tags": {
              "Environment": "dev",
              "Terraform": "true"
            },
            "tags_all": {
              "Environment": "dev",
              "Terraform": "true"
            },
            "timeouts": null
          },
          "sensitive_attributes": [],
          "private": "eyJlMmJmYjczMC1lY2FhLTExZTYtOGY4OC0zNDM2M2JjN2M0YzAiOnsiZGVsZXRlIjoxMjAwMDAwMDAwMDAwfX0="
        }
      ]
    },
    {
      "module": "module.ecr",
      "mode": "managed",
      "type": "aws_ecr_repository_policy",
      "name": "this",
      "provider": "provider[\"registry.terraform.io/hashicorp/aws\"]",
      "instances": [
        {
          "index_key": 0,
          "schema_version": 0,
          "attributes": {
            "id": "steve-wordpress-repo",
            "policy": "{\"Statement\":[{\"Action\":[\"ecr:ListTagsForResource\",\"ecr:ListImages\",\"ecr:GetRepositoryPolicy\",\"ecr:GetLifecyclePolicyPreview\",\"ecr:GetLifecyclePolicy\",\"ecr:GetDownloadUrlForLayer\",\"ecr:GetAuthorizationToken\",\"ecr:DescribeRepositories\",\"ecr:DescribeImages\",\"ecr:DescribeImageScanFindings\",\"ecr:BatchGetImage\",\"ecr:BatchCheckLayerAvailability\"],\"Effect\":\"Allow\",\"Principal\":{\"AWS\":\"arn:aws:iam::868171460502:root\"},\"Sid\":\"PrivateReadOnly\"},{\"Action\":[\"ecr:UploadLayerPart\",\"ecr:PutImage\",\"ecr:InitiateLayerUpload\",\"ecr:CompleteLayerUpload\"],\"Effect\":\"Allow\",\"Principal\":{\"AWS\":\"arn:aws:iam::868171460502:root\"},\"Sid\":\"ReadWrite\"}],\"Version\":\"2012-10-17\"}",
            "registry_id": "868171460502",
            "repository": "steve-wordpress-repo"
          },
          "sensitive_attributes": [],
          "private": "bnVsbA==",
          "dependencies": [
            "data.aws_caller_identity.current",
            "module.ecr.aws_ecr_repository.this",
            "module.ecr.data.aws_caller_identity.current",
            "module.ecr.data.aws_iam_policy_document.repository",
            "module.ecr.data.aws_partition.current"
          ]
        }
      ]
    }
  ],
  "check_results": null
}
